
Microsoft Visual Studio Solution File, Format Version 12.00
# Visual Studio Version 16
VisualStudioVersion = 16.0.31624.102
MinimumVisualStudioVersion = 10.0.40219.1
Project("{9A19103F-16F7-4668-BE54-9A1E7A4F7556}") = "DesignStamp", "DesignStamp\DesignStamp.csproj", "{CAEA943C-27F5-4183-A850-85ADFF4F98C8}"
EndProject
Project("{9A19103F-16F7-4668-BE54-9A1E7A4F7556}") = "DataLayer", "DataLayer\DataLayer.csproj", "{F5507626-5D55-4BEF-96D9-6776BFF8D1AE}"
EndProject
Project("{9A19103F-16F7-4668-BE54-9A1E7A4F7556}") = "BuissnesLayer", "BuissnesLayer\BuissnesLayer.csproj", "{D8A52018-0425-4855-9D3D-48091992F14C}"
EndProject
Project("{FAE04EC0-301F-11D3-BF4B-00C04F79EFBC}") = "TestStamp", "TestStamp\TestStamp.csproj", "{8114843B-0B23-40AD-810B-CD3E5530C05B}"
EndProject
Global
	GlobalSection(SolutionConfigurationPlatforms) = preSolution
		Debug|Any CPU = Debug|Any CPU
		Release|Any CPU = Release|Any CPU
	EndGlobalSection
	GlobalSection(ProjectConfigurationPlatforms) = postSolution
		{CAEA943C-27F5-4183-A850-85ADFF4F98C8}.Debug|Any CPU.ActiveCfg = Debug|Any CPU
		{CAEA943C-27F5-4183-A850-85ADFF4F98C8}.Debug|Any CPU.Build.0 = Debug|Any CPU
		{CAEA943C-27F5-4183-A850-85ADFF4F98C8}.Release|Any CPU.ActiveCfg = Release|Any CPU
		{CAEA943C-27F5-4183-A850-85ADFF4F98C8}.Release|Any CPU.Build.0 = Release|Any CPU
		{F5507626-5D55-4BEF-96D9-6776BFF8D1AE}.Debug|Any CPU.ActiveCfg = Debug|Any CPU
		{F5507626-5D55-4BEF-96D9-6776BFF8D1AE}.Debug|Any CPU.Build.0 = Debug|Any CPU
		{F5507626-5D55-4BEF-96D9-6776BFF8D1AE}.Release|Any CPU.ActiveCfg = Release|Any CPU
		{F5507626-5D55-4BEF-96D9-6776BFF8D1AE}.Release|Any CPU.Build.0 = Release|Any CPU
		{D8A52018-0425-4855-9D3D-48091992F14C}.Debug|Any CPU.ActiveCfg = Debug|Any CPU
		{D8A52018-0425-4855-9D3D-48091992F14C}.Debug|Any CPU.Build.0 = Debug|Any CPU
		{D8A52018-0425-4855-9D3D-48091992F14C}.Release|Any CPU.ActiveCfg = Release|Any CPU
		{D8A52018-0425-4855-9D3D-48091992F14C}.Release|Any CPU.Build.0 = Release|Any CPU
		{8114843B-0B23-40AD-810B-CD3E5530C05B}.Debug|Any CPU.ActiveCfg = Debug|Any CPU
		{8114843B-0B23-40AD-810B-CD3E5530C05B}.Debug|Any CPU.Build.0 = Debug|Any CPU
		{8114843B-0B23-40AD-810B-CD3E5530C05B}.Release|Any CPU.ActiveCfg = Release|Any CPU
		{8114843B-0B23-40AD-810B-CD3E5530C05B}.Release|Any CPU.Build.0 = Release|Any CPU
	EndGlobalSection
	GlobalSection(SolutionProperties) = preSolution
		HideSolutionNode = FALSE
	EndGlobalSection
	GlobalSection(ExtensibilityGlobals) = postSolution
		SolutionGuid = {8AE11195-073B-4BA7-9DD4-BE07F72B2631}
	EndGlobalSection
EndGlobal
